
Microsoft Visual Studio Solution File, Format Version 12.00
# Visual Studio Version 17
VisualStudioVersion = 17.14.36603.0
MinimumVisualStudioVersion = 10.0.40219.1
Project("{2150E333-8FDC-42A3-9474-1A3956D46DE8}") = "Services", "Services", "{02EA681E-C7D8-13C7-8484-4AC65E1B71E8}"
EndProject
Project("{2150E333-8FDC-42A3-9474-1A3956D46DE8}") = "Catalog", "Catalog", "{8F2E23C3-9F9C-41A8-8E67-D9F6D6F6857F}"
EndProject
Project("{FAE04EC0-301F-11D3-BF4B-00C04F79EFBC}") = "Catalog.API", "Services\Catalog\Catalog.API\Catalog.API.csproj", "{F362BE1F-F5E3-4887-B54F-A9F85427CED1}"
EndProject
Project("{2150E333-8FDC-42A3-9474-1A3956D46DE8}") = "BuildingBlocks", "BuildingBlocks", "{EE58391E-DFAA-4929-A0E1-26C8D1CD0B1B}"
EndProject
Project("{FAE04EC0-301F-11D3-BF4B-00C04F79EFBC}") = "BuildingBlocks", "BuildingBlocks\BuildingBlocks\BuildingBlocks.csproj", "{3494535D-D8E2-49DD-B71D-5ADA68FA57ED}"
EndProject
Project("{E53339B2-1760-4266-BCC7-CA923CBCF16C}") = "docker-compose", "docker-compose.dcproj", "{81DDED9D-158B-E303-5F62-77A2896D2A5A}"
EndProject
Project("{2150E333-8FDC-42A3-9474-1A3956D46DE8}") = "Basket", "Basket", "{047A2843-0853-439F-9F5E-3334D9AB0AAA}"
EndProject
Project("{FAE04EC0-301F-11D3-BF4B-00C04F79EFBC}") = "Basket.API", "Services\Basket\Basket.API\Basket.API.csproj", "{A70DFD65-E220-4CCE-8086-BF799D350BC0}"
EndProject
Project("{2150E333-8FDC-42A3-9474-1A3956D46DE8}") = "Discount", "Discount", "{6CDFC91C-A796-4BD6-9396-C19399DE5F86}"
EndProject
Project("{FAE04EC0-301F-11D3-BF4B-00C04F79EFBC}") = "Discount.Grpc", "Services\Discount\Discount.Grpc\Discount.Grpc.csproj", "{08F065E0-D369-4466-9AF7-02A2D88275B9}"
EndProject
Global
	GlobalSection(SolutionConfigurationPlatforms) = preSolution
		Debug|Any CPU = Debug|Any CPU
		Release|Any CPU = Release|Any CPU
	EndGlobalSection
	GlobalSection(ProjectConfigurationPlatforms) = postSolution
		{F362BE1F-F5E3-4887-B54F-A9F85427CED1}.Debug|Any CPU.ActiveCfg = Debug|Any CPU
		{F362BE1F-F5E3-4887-B54F-A9F85427CED1}.Debug|Any CPU.Build.0 = Debug|Any CPU
		{F362BE1F-F5E3-4887-B54F-A9F85427CED1}.Release|Any CPU.ActiveCfg = Release|Any CPU
		{F362BE1F-F5E3-4887-B54F-A9F85427CED1}.Release|Any CPU.Build.0 = Release|Any CPU
		{3494535D-D8E2-49DD-B71D-5ADA68FA57ED}.Debug|Any CPU.ActiveCfg = Debug|Any CPU
		{3494535D-D8E2-49DD-B71D-5ADA68FA57ED}.Debug|Any CPU.Build.0 = Debug|Any CPU
		{3494535D-D8E2-49DD-B71D-5ADA68FA57ED}.Release|Any CPU.ActiveCfg = Release|Any CPU
		{3494535D-D8E2-49DD-B71D-5ADA68FA57ED}.Release|Any CPU.Build.0 = Release|Any CPU
		{81DDED9D-158B-E303-5F62-77A2896D2A5A}.Debug|Any CPU.ActiveCfg = Debug|Any CPU
		{81DDED9D-158B-E303-5F62-77A2896D2A5A}.Debug|Any CPU.Build.0 = Debug|Any CPU
		{81DDED9D-158B-E303-5F62-77A2896D2A5A}.Release|Any CPU.ActiveCfg = Release|Any CPU
		{81DDED9D-158B-E303-5F62-77A2896D2A5A}.Release|Any CPU.Build.0 = Release|Any CPU
		{A70DFD65-E220-4CCE-8086-BF799D350BC0}.Debug|Any CPU.ActiveCfg = Debug|Any CPU
		{A70DFD65-E220-4CCE-8086-BF799D350BC0}.Debug|Any CPU.Build.0 = Debug|Any CPU
		{A70DFD65-E220-4CCE-8086-BF799D350BC0}.Release|Any CPU.ActiveCfg = Release|Any CPU
		{A70DFD65-E220-4CCE-8086-BF799D350BC0}.Release|Any CPU.Build.0 = Release|Any CPU
		{08F065E0-D369-4466-9AF7-02A2D88275B9}.Debug|Any CPU.ActiveCfg = Debug|Any CPU
		{08F065E0-D369-4466-9AF7-02A2D88275B9}.Debug|Any CPU.Build.0 = Debug|Any CPU
		{08F065E0-D369-4466-9AF7-02A2D88275B9}.Release|Any CPU.ActiveCfg = Release|Any CPU
		{08F065E0-D369-4466-9AF7-02A2D88275B9}.Release|Any CPU.Build.0 = Release|Any CPU
	EndGlobalSection
	GlobalSection(SolutionProperties) = preSolution
		HideSolutionNode = FALSE
	EndGlobalSection
	GlobalSection(NestedProjects) = preSolution
		{8F2E23C3-9F9C-41A8-8E67-D9F6D6F6857F} = {02EA681E-C7D8-13C7-8484-4AC65E1B71E8}
		{F362BE1F-F5E3-4887-B54F-A9F85427CED1} = {8F2E23C3-9F9C-41A8-8E67-D9F6D6F6857F}
		{3494535D-D8E2-49DD-B71D-5ADA68FA57ED} = {EE58391E-DFAA-4929-A0E1-26C8D1CD0B1B}
		{047A2843-0853-439F-9F5E-3334D9AB0AAA} = {02EA681E-C7D8-13C7-8484-4AC65E1B71E8}
		{A70DFD65-E220-4CCE-8086-BF799D350BC0} = {047A2843-0853-439F-9F5E-3334D9AB0AAA}
		{6CDFC91C-A796-4BD6-9396-C19399DE5F86} = {02EA681E-C7D8-13C7-8484-4AC65E1B71E8}
		{08F065E0-D369-4466-9AF7-02A2D88275B9} = {6CDFC91C-A796-4BD6-9396-C19399DE5F86}
	EndGlobalSection
	GlobalSection(ExtensibilityGlobals) = postSolution
		SolutionGuid = {C422D626-E914-4606-8795-BC5BA88352C4}
	EndGlobalSection
EndGlobal
