
Microsoft Visual Studio Solution File, Format Version 12.00
# Visual Studio Version 17
VisualStudioVersion = 17.14.36603.0
MinimumVisualStudioVersion = 10.0.40219.1
Project("{2150E333-8FDC-42A3-9474-1A3956D46DE8}") = "Services", "Services", "{02EA681E-C7D8-13C7-8484-4AC65E1B71E8}"
EndProject
Project("{2150E333-8FDC-42A3-9474-1A3956D46DE8}") = "Catalog", "Catalog", "{8F2E23C3-9F9C-41A8-8E67-D9F6D6F6857F}"
EndProject
Project("{FAE04EC0-301F-11D3-BF4B-00C04F79EFBC}") = "Catalog.API", "Services\Catalog\Catalog.API\Catalog.API.csproj", "{F362BE1F-F5E3-4887-B54F-A9F85427CED1}"
EndProject
Project("{2150E333-8FDC-42A3-9474-1A3956D46DE8}") = "BuildingBlocks", "BuildingBlocks", "{EE58391E-DFAA-4929-A0E1-26C8D1CD0B1B}"
EndProject
Project("{FAE04EC0-301F-11D3-BF4B-00C04F79EFBC}") = "BuildingBlocks", "BuildingBlocks\BuildingBlocks\BuildingBlocks.csproj", "{3494535D-D8E2-49DD-B71D-5ADA68FA57ED}"
EndProject
Project("{E53339B2-1760-4266-BCC7-CA923CBCF16C}") = "docker-compose", "docker-compose.dcproj", "{81DDED9D-158B-E303-5F62-77A2896D2A5A}"
EndProject
Project("{2150E333-8FDC-42A3-9474-1A3956D46DE8}") = "Basket", "Basket", "{047A2843-0853-439F-9F5E-3334D9AB0AAA}"
EndProject
Project("{FAE04EC0-301F-11D3-BF4B-00C04F79EFBC}") = "Basket.API", "Services\Basket\Basket.API\Basket.API.csproj", "{A70DFD65-E220-4CCE-8086-BF799D350BC0}"
EndProject
Project("{2150E333-8FDC-42A3-9474-1A3956D46DE8}") = "Discount", "Discount", "{6CDFC91C-A796-4BD6-9396-C19399DE5F86}"
EndProject
Project("{FAE04EC0-301F-11D3-BF4B-00C04F79EFBC}") = "Discount.Grpc", "Services\Discount\Discount.Grpc\Discount.Grpc.csproj", "{08F065E0-D369-4466-9AF7-02A2D88275B9}"
EndProject
Project("{2150E333-8FDC-42A3-9474-1A3956D46DE8}") = "Ordering", "Ordering", "{F29D1E1F-E0CF-4206-B63A-EE65DE37ABF3}"
EndProject
Project("{FAE04EC0-301F-11D3-BF4B-00C04F79EFBC}") = "Ordering.API", "Services\Ordering\Ordering.API\Ordering.API.csproj", "{42984E61-44CA-428B-9B9F-EB3A5F01E544}"
EndProject
Project("{FAE04EC0-301F-11D3-BF4B-00C04F79EFBC}") = "Ordering.Domain", "Services\Ordering\Ordering.Domain\Ordering.Domain.csproj", "{5934B8CF-28BD-4F0A-846A-6177CFAE2A35}"
EndProject
Project("{FAE04EC0-301F-11D3-BF4B-00C04F79EFBC}") = "Ordering.Application", "Services\Ordering\Ordering.Application\Ordering.Application.csproj", "{5D66AC57-FD7B-4E55-A9F1-2C1D005B0A98}"
EndProject
Project("{FAE04EC0-301F-11D3-BF4B-00C04F79EFBC}") = "Ordering.Infrastructure", "Services\Ordering\Ordering.Infrastructure\Ordering.Infrastructure.csproj", "{510A7EA5-2D24-46E3-8578-CB3FF07B86E6}"
EndProject
Project("{FAE04EC0-301F-11D3-BF4B-00C04F79EFBC}") = "BuildingBlocks.Messaging", "BuildingBlocks\BuildingBlocks.Messaging\BuildingBlocks.Messaging.csproj", "{C89CF5F2-A443-4879-B241-C5784E721F7D}"
EndProject
Global
	GlobalSection(SolutionConfigurationPlatforms) = preSolution
		Debug|Any CPU = Debug|Any CPU
		Release|Any CPU = Release|Any CPU
	EndGlobalSection
	GlobalSection(ProjectConfigurationPlatforms) = postSolution
		{F362BE1F-F5E3-4887-B54F-A9F85427CED1}.Debug|Any CPU.ActiveCfg = Debug|Any CPU
		{F362BE1F-F5E3-4887-B54F-A9F85427CED1}.Debug|Any CPU.Build.0 = Debug|Any CPU
		{F362BE1F-F5E3-4887-B54F-A9F85427CED1}.Release|Any CPU.ActiveCfg = Release|Any CPU
		{F362BE1F-F5E3-4887-B54F-A9F85427CED1}.Release|Any CPU.Build.0 = Release|Any CPU
		{3494535D-D8E2-49DD-B71D-5ADA68FA57ED}.Debug|Any CPU.ActiveCfg = Debug|Any CPU
		{3494535D-D8E2-49DD-B71D-5ADA68FA57ED}.Debug|Any CPU.Build.0 = Debug|Any CPU
		{3494535D-D8E2-49DD-B71D-5ADA68FA57ED}.Release|Any CPU.ActiveCfg = Release|Any CPU
		{3494535D-D8E2-49DD-B71D-5ADA68FA57ED}.Release|Any CPU.Build.0 = Release|Any CPU
		{81DDED9D-158B-E303-5F62-77A2896D2A5A}.Debug|Any CPU.ActiveCfg = Debug|Any CPU
		{81DDED9D-158B-E303-5F62-77A2896D2A5A}.Debug|Any CPU.Build.0 = Debug|Any CPU
		{81DDED9D-158B-E303-5F62-77A2896D2A5A}.Release|Any CPU.ActiveCfg = Release|Any CPU
		{81DDED9D-158B-E303-5F62-77A2896D2A5A}.Release|Any CPU.Build.0 = Release|Any CPU
		{A70DFD65-E220-4CCE-8086-BF799D350BC0}.Debug|Any CPU.ActiveCfg = Debug|Any CPU
		{A70DFD65-E220-4CCE-8086-BF799D350BC0}.Debug|Any CPU.Build.0 = Debug|Any CPU
		{A70DFD65-E220-4CCE-8086-BF799D350BC0}.Release|Any CPU.ActiveCfg = Release|Any CPU
		{A70DFD65-E220-4CCE-8086-BF799D350BC0}.Release|Any CPU.Build.0 = Release|Any CPU
		{08F065E0-D369-4466-9AF7-02A2D88275B9}.Debug|Any CPU.ActiveCfg = Debug|Any CPU
		{08F065E0-D369-4466-9AF7-02A2D88275B9}.Debug|Any CPU.Build.0 = Debug|Any CPU
		{08F065E0-D369-4466-9AF7-02A2D88275B9}.Release|Any CPU.ActiveCfg = Release|Any CPU
		{08F065E0-D369-4466-9AF7-02A2D88275B9}.Release|Any CPU.Build.0 = Release|Any CPU
		{42984E61-44CA-428B-9B9F-EB3A5F01E544}.Debug|Any CPU.ActiveCfg = Debug|Any CPU
		{42984E61-44CA-428B-9B9F-EB3A5F01E544}.Debug|Any CPU.Build.0 = Debug|Any CPU
		{42984E61-44CA-428B-9B9F-EB3A5F01E544}.Release|Any CPU.ActiveCfg = Release|Any CPU
		{42984E61-44CA-428B-9B9F-EB3A5F01E544}.Release|Any CPU.Build.0 = Release|Any CPU
		{5934B8CF-28BD-4F0A-846A-6177CFAE2A35}.Debug|Any CPU.ActiveCfg = Debug|Any CPU
		{5934B8CF-28BD-4F0A-846A-6177CFAE2A35}.Debug|Any CPU.Build.0 = Debug|Any CPU
		{5934B8CF-28BD-4F0A-846A-6177CFAE2A35}.Release|Any CPU.ActiveCfg = Release|Any CPU
		{5934B8CF-28BD-4F0A-846A-6177CFAE2A35}.Release|Any CPU.Build.0 = Release|Any CPU
		{5D66AC57-FD7B-4E55-A9F1-2C1D005B0A98}.Debug|Any CPU.ActiveCfg = Debug|Any CPU
		{5D66AC57-FD7B-4E55-A9F1-2C1D005B0A98}.Debug|Any CPU.Build.0 = Debug|Any CPU
		{5D66AC57-FD7B-4E55-A9F1-2C1D005B0A98}.Release|Any CPU.ActiveCfg = Release|Any CPU
		{5D66AC57-FD7B-4E55-A9F1-2C1D005B0A98}.Release|Any CPU.Build.0 = Release|Any CPU
		{510A7EA5-2D24-46E3-8578-CB3FF07B86E6}.Debug|Any CPU.ActiveCfg = Debug|Any CPU
		{510A7EA5-2D24-46E3-8578-CB3FF07B86E6}.Debug|Any CPU.Build.0 = Debug|Any CPU
		{510A7EA5-2D24-46E3-8578-CB3FF07B86E6}.Release|Any CPU.ActiveCfg = Release|Any CPU
		{510A7EA5-2D24-46E3-8578-CB3FF07B86E6}.Release|Any CPU.Build.0 = Release|Any CPU
		{C89CF5F2-A443-4879-B241-C5784E721F7D}.Debug|Any CPU.ActiveCfg = Debug|Any CPU
		{C89CF5F2-A443-4879-B241-C5784E721F7D}.Debug|Any CPU.Build.0 = Debug|Any CPU
		{C89CF5F2-A443-4879-B241-C5784E721F7D}.Release|Any CPU.ActiveCfg = Release|Any CPU
		{C89CF5F2-A443-4879-B241-C5784E721F7D}.Release|Any CPU.Build.0 = Release|Any CPU
	EndGlobalSection
	GlobalSection(SolutionProperties) = preSolution
		HideSolutionNode = FALSE
	EndGlobalSection
	GlobalSection(NestedProjects) = preSolution
		{8F2E23C3-9F9C-41A8-8E67-D9F6D6F6857F} = {02EA681E-C7D8-13C7-8484-4AC65E1B71E8}
		{F362BE1F-F5E3-4887-B54F-A9F85427CED1} = {8F2E23C3-9F9C-41A8-8E67-D9F6D6F6857F}
		{3494535D-D8E2-49DD-B71D-5ADA68FA57ED} = {EE58391E-DFAA-4929-A0E1-26C8D1CD0B1B}
		{047A2843-0853-439F-9F5E-3334D9AB0AAA} = {02EA681E-C7D8-13C7-8484-4AC65E1B71E8}
		{A70DFD65-E220-4CCE-8086-BF799D350BC0} = {047A2843-0853-439F-9F5E-3334D9AB0AAA}
		{6CDFC91C-A796-4BD6-9396-C19399DE5F86} = {02EA681E-C7D8-13C7-8484-4AC65E1B71E8}
		{08F065E0-D369-4466-9AF7-02A2D88275B9} = {6CDFC91C-A796-4BD6-9396-C19399DE5F86}
		{F29D1E1F-E0CF-4206-B63A-EE65DE37ABF3} = {02EA681E-C7D8-13C7-8484-4AC65E1B71E8}
		{42984E61-44CA-428B-9B9F-EB3A5F01E544} = {F29D1E1F-E0CF-4206-B63A-EE65DE37ABF3}
		{5934B8CF-28BD-4F0A-846A-6177CFAE2A35} = {F29D1E1F-E0CF-4206-B63A-EE65DE37ABF3}
		{5D66AC57-FD7B-4E55-A9F1-2C1D005B0A98} = {F29D1E1F-E0CF-4206-B63A-EE65DE37ABF3}
		{510A7EA5-2D24-46E3-8578-CB3FF07B86E6} = {F29D1E1F-E0CF-4206-B63A-EE65DE37ABF3}
		{C89CF5F2-A443-4879-B241-C5784E721F7D} = {EE58391E-DFAA-4929-A0E1-26C8D1CD0B1B}
	EndGlobalSection
	GlobalSection(ExtensibilityGlobals) = postSolution
		SolutionGuid = {C422D626-E914-4606-8795-BC5BA88352C4}
	EndGlobalSection
EndGlobal
